{
  "name": "www",
  "version": "1.0.0",
  "lockfileVersion": 1,
  "requires": true,
  "dependencies": {
    "gatsby-theme-pkm-garden": {
      "version": "1.0.0",
      "resolved": "https://registry.npmjs.org/gatsby-theme-pkm-garden/-/gatsby-theme-pkm-garden-1.0.0.tgz",
      "integrity": "sha512-502Zfd5u3+gTNqeXCK0e/KB7wNmnmWao8aEv2Bvpo5DrmeOkvolRhnqsDUZX4MqCTOMljOoa2yloS2qnUe/kaQ=="
    }
  }
}
